
Microsoft Visual Studio Solution File, Format Version 12.00
Project("{2150E333-8FDC-42A3-9474-1A3956D46DE8}") = "00 - Domain", "00 - Domain", "{96423638-AD1B-491D-8435-DFBCB69C4F7C}"
EndProject
Project("{2150E333-8FDC-42A3-9474-1A3956D46DE8}") = "02 - Services", "02 - Services", "{878D13DA-24E4-49E6-AFCB-578A36EC728A}"
EndProject
Project("{2150E333-8FDC-42A3-9474-1A3956D46DE8}") = "01 - Data", "01 - Data", "{93EAA243-54E0-4B81-A35A-C0B14B00B020}"
EndProject
Project("{2150E333-8FDC-42A3-9474-1A3956D46DE8}") = "03 - Web", "03 - Web", "{7FBB4DA6-4DF3-43A4-8ADD-F872DC359740}"
EndProject
Project("{FAE04EC0-301F-11D3-BF4B-00C04F79EFBC}") = "Domain", "Domain\Domain.csproj", "{25FF66BE-6432-4E26-9650-9ADFE0823BD1}"
EndProject
Project("{FAE04EC0-301F-11D3-BF4B-00C04F79EFBC}") = "Data", "Data\Data.csproj", "{D4120E1B-D03E-463A-8033-2B93B27DB1DE}"
EndProject
Project("{FAE04EC0-301F-11D3-BF4B-00C04F79EFBC}") = "MainServices", "MainServices\MainServices.csproj", "{5CF7546F-3C8B-4090-B857-E1F3415DA2DB}"
EndProject
Project("{FAE04EC0-301F-11D3-BF4B-00C04F79EFBC}") = "ClientAhServices", "ClientAhServices\ClientAhServices.csproj", "{3B0B9BF2-C3AD-4900-A2FE-2B9881A57ACB}"
EndProject
Project("{FAE04EC0-301F-11D3-BF4B-00C04F79EFBC}") = "ClienteBhServices", "ClienteBhServices\ClienteBhServices.csproj", "{3311715A-5749-4B80-BF8B-C4D83C9FFC28}"
EndProject
Project("{FAE04EC0-301F-11D3-BF4B-00C04F79EFBC}") = "WebApi", "WebApi\WebApi.csproj", "{83A0BD1F-DEC7-4F35-8D6F-5F86A8A29D5E}"
EndProject
Project("{FAE04EC0-301F-11D3-BF4B-00C04F79EFBC}") = "ClienteChServices", "ClienteChServices\ClienteChServices.csproj", "{D7BA9962-A8E7-437C-AE98-1207E43EA9ED}"
EndProject
Global
	GlobalSection(SolutionConfigurationPlatforms) = preSolution
		Debug|Any CPU = Debug|Any CPU
		Release|Any CPU = Release|Any CPU
	EndGlobalSection
	GlobalSection(ProjectConfigurationPlatforms) = postSolution
		{25FF66BE-6432-4E26-9650-9ADFE0823BD1}.Debug|Any CPU.ActiveCfg = Debug|Any CPU
		{25FF66BE-6432-4E26-9650-9ADFE0823BD1}.Debug|Any CPU.Build.0 = Debug|Any CPU
		{25FF66BE-6432-4E26-9650-9ADFE0823BD1}.Release|Any CPU.ActiveCfg = Release|Any CPU
		{25FF66BE-6432-4E26-9650-9ADFE0823BD1}.Release|Any CPU.Build.0 = Release|Any CPU
		{D4120E1B-D03E-463A-8033-2B93B27DB1DE}.Debug|Any CPU.ActiveCfg = Debug|Any CPU
		{D4120E1B-D03E-463A-8033-2B93B27DB1DE}.Debug|Any CPU.Build.0 = Debug|Any CPU
		{D4120E1B-D03E-463A-8033-2B93B27DB1DE}.Release|Any CPU.ActiveCfg = Release|Any CPU
		{D4120E1B-D03E-463A-8033-2B93B27DB1DE}.Release|Any CPU.Build.0 = Release|Any CPU
		{5CF7546F-3C8B-4090-B857-E1F3415DA2DB}.Debug|Any CPU.ActiveCfg = Debug|Any CPU
		{5CF7546F-3C8B-4090-B857-E1F3415DA2DB}.Debug|Any CPU.Build.0 = Debug|Any CPU
		{5CF7546F-3C8B-4090-B857-E1F3415DA2DB}.Release|Any CPU.ActiveCfg = Release|Any CPU
		{5CF7546F-3C8B-4090-B857-E1F3415DA2DB}.Release|Any CPU.Build.0 = Release|Any CPU
		{3B0B9BF2-C3AD-4900-A2FE-2B9881A57ACB}.Debug|Any CPU.ActiveCfg = Debug|Any CPU
		{3B0B9BF2-C3AD-4900-A2FE-2B9881A57ACB}.Debug|Any CPU.Build.0 = Debug|Any CPU
		{3B0B9BF2-C3AD-4900-A2FE-2B9881A57ACB}.Release|Any CPU.ActiveCfg = Release|Any CPU
		{3B0B9BF2-C3AD-4900-A2FE-2B9881A57ACB}.Release|Any CPU.Build.0 = Release|Any CPU
		{3311715A-5749-4B80-BF8B-C4D83C9FFC28}.Debug|Any CPU.ActiveCfg = Debug|Any CPU
		{3311715A-5749-4B80-BF8B-C4D83C9FFC28}.Debug|Any CPU.Build.0 = Debug|Any CPU
		{3311715A-5749-4B80-BF8B-C4D83C9FFC28}.Release|Any CPU.ActiveCfg = Release|Any CPU
		{3311715A-5749-4B80-BF8B-C4D83C9FFC28}.Release|Any CPU.Build.0 = Release|Any CPU
		{83A0BD1F-DEC7-4F35-8D6F-5F86A8A29D5E}.Debug|Any CPU.ActiveCfg = Debug|Any CPU
		{83A0BD1F-DEC7-4F35-8D6F-5F86A8A29D5E}.Debug|Any CPU.Build.0 = Debug|Any CPU
		{83A0BD1F-DEC7-4F35-8D6F-5F86A8A29D5E}.Release|Any CPU.ActiveCfg = Release|Any CPU
		{83A0BD1F-DEC7-4F35-8D6F-5F86A8A29D5E}.Release|Any CPU.Build.0 = Release|Any CPU
		{D7BA9962-A8E7-437C-AE98-1207E43EA9ED}.Debug|Any CPU.ActiveCfg = Debug|Any CPU
		{D7BA9962-A8E7-437C-AE98-1207E43EA9ED}.Debug|Any CPU.Build.0 = Debug|Any CPU
		{D7BA9962-A8E7-437C-AE98-1207E43EA9ED}.Release|Any CPU.ActiveCfg = Release|Any CPU
		{D7BA9962-A8E7-437C-AE98-1207E43EA9ED}.Release|Any CPU.Build.0 = Release|Any CPU
	EndGlobalSection
	GlobalSection(NestedProjects) = preSolution
		{25FF66BE-6432-4E26-9650-9ADFE0823BD1} = {96423638-AD1B-491D-8435-DFBCB69C4F7C}
		{D4120E1B-D03E-463A-8033-2B93B27DB1DE} = {93EAA243-54E0-4B81-A35A-C0B14B00B020}
		{5CF7546F-3C8B-4090-B857-E1F3415DA2DB} = {878D13DA-24E4-49E6-AFCB-578A36EC728A}
		{3B0B9BF2-C3AD-4900-A2FE-2B9881A57ACB} = {878D13DA-24E4-49E6-AFCB-578A36EC728A}
		{3311715A-5749-4B80-BF8B-C4D83C9FFC28} = {878D13DA-24E4-49E6-AFCB-578A36EC728A}
		{83A0BD1F-DEC7-4F35-8D6F-5F86A8A29D5E} = {7FBB4DA6-4DF3-43A4-8ADD-F872DC359740}
		{D7BA9962-A8E7-437C-AE98-1207E43EA9ED} = {878D13DA-24E4-49E6-AFCB-578A36EC728A}
	EndGlobalSection
EndGlobal
